// !$*UTF8*$!
{
	archiveVersion = 1;
	classes = {
	};
	objectVersion = 48;
	objects = {

/* Begin PBXBuildFile section */
		493F95381F7A75D4003E29B8 /* Localizable.strings in Resources */ = {isa = PBXBuildFile; fileRef = 493F953A1F7A75D4003E29B8 /* Localizable.strings */; };
		493F95431F7AE724003E29B8 /* madrid.png in Resources */ = {isa = PBXBuildFile; fileRef = 493F95421F7AE719003E29B8 /* madrid.png */; };
		49477E281F77D8E0005001AB /* ConnectivityHelper.swift in Sources */ = {isa = PBXBuildFile; fileRef = 49477E271F77D8E0005001AB /* ConnectivityHelper.swift */; };
		4985D0051F75299800C9A731 /* SaveAllShopsInteractor.swift in Sources */ = {isa = PBXBuildFile; fileRef = 4985D0041F75299800C9A731 /* SaveAllShopsInteractor.swift */; };
		4985D0071F752CCE00C9A731 /* SaveAllShopsInteractorImpl.swift in Sources */ = {isa = PBXBuildFile; fileRef = 4985D0061F752CCE00C9A731 /* SaveAllShopsInteractorImpl.swift */; };
		4985D00A1F752DF900C9A731 /* MapShop.swift in Sources */ = {isa = PBXBuildFile; fileRef = 4985D0091F752DF900C9A731 /* MapShop.swift */; };
		4985D00C1F766AA000C9A731 /* ExecuteOnceInteractor.swift in Sources */ = {isa = PBXBuildFile; fileRef = 4985D00B1F766AA000C9A731 /* ExecuteOnceInteractor.swift */; };
		4985D00F1F766AC300C9A731 /* SetExecutedOnceInteractor.swift in Sources */ = {isa = PBXBuildFile; fileRef = 4985D00E1F766AC300C9A731 /* SetExecutedOnceInteractor.swift */; };
		4985D0111F766AEB00C9A731 /* ExecuteOnceInteractorImpl.swift in Sources */ = {isa = PBXBuildFile; fileRef = 4985D0101F766AEB00C9A731 /* ExecuteOnceInteractorImpl.swift */; };
		4985D0131F766B3C00C9A731 /* SetExecutedOnceInteractorImpl.swift in Sources */ = {isa = PBXBuildFile; fileRef = 4985D0121F766B3C00C9A731 /* SetExecutedOnceInteractorImpl.swift */; };
		4985D0151F7676DA00C9A731 /* ShopDetailViewController.swift in Sources */ = {isa = PBXBuildFile; fileRef = 4985D0141F7676DA00C9A731 /* ShopDetailViewController.swift */; };
		4985D0171F76850300C9A731 /* DownloadAllShopsInteractorNSUrlSessionImpl.swift in Sources */ = {isa = PBXBuildFile; fileRef = 4985D0161F76850300C9A731 /* DownloadAllShopsInteractorNSUrlSessionImpl.swift */; };
		4985D01A1F76862A00C9A731 /* JsonParseShop.swift in Sources */ = {isa = PBXBuildFile; fileRef = 4985D0191F76862A00C9A731 /* JsonParseShop.swift */; };
		4985D01C1F768D8C00C9A731 /* MapKit.framework in Frameworks */ = {isa = PBXBuildFile; fileRef = 4985D01B1F768D8C00C9A731 /* MapKit.framework */; };
		4985D01E1F76923D00C9A731 /* ShopAnnotation.swift in Sources */ = {isa = PBXBuildFile; fileRef = 4985D01D1F76923D00C9A731 /* ShopAnnotation.swift */; };
		498AE46E1F7D950D00B9CD71 /* DownloadAllActivitiesInteractor.swift in Sources */ = {isa = PBXBuildFile; fileRef = 498AE46D1F7D950D00B9CD71 /* DownloadAllActivitiesInteractor.swift */; };
		498AE4701F7D955A00B9CD71 /* Activity.swift in Sources */ = {isa = PBXBuildFile; fileRef = 498AE46F1F7D955A00B9CD71 /* Activity.swift */; };
		498AE4721F7D95AD00B9CD71 /* ActivityTests.swift in Sources */ = {isa = PBXBuildFile; fileRef = 498AE4711F7D95AD00B9CD71 /* ActivityTests.swift */; };
		498AE4741F7D96EC00B9CD71 /* ActivitiesProtocol.swift in Sources */ = {isa = PBXBuildFile; fileRef = 498AE4731F7D96EC00B9CD71 /* ActivitiesProtocol.swift */; };
		498AE4761F7D982F00B9CD71 /* DownloadAllActivitiesInteractorFakeImpl.swift in Sources */ = {isa = PBXBuildFile; fileRef = 498AE4751F7D982F00B9CD71 /* DownloadAllActivitiesInteractorFakeImpl.swift */; };
		498AE4781F7D98DA00B9CD71 /* DownloadAllActivitiesInteractorNSUrlSessionImpl.swift in Sources */ = {isa = PBXBuildFile; fileRef = 498AE4771F7D98DA00B9CD71 /* DownloadAllActivitiesInteractorNSUrlSessionImpl.swift */; };
		498AE47A1F7D99DB00B9CD71 /* SaveAllActivitiesInteractor.swift in Sources */ = {isa = PBXBuildFile; fileRef = 498AE4791F7D99DB00B9CD71 /* SaveAllActivitiesInteractor.swift */; };
		498AE47C1F7D9A2100B9CD71 /* SaveAllActivitiesInteractorImpl.swift in Sources */ = {isa = PBXBuildFile; fileRef = 498AE47B1F7D9A2100B9CD71 /* SaveAllActivitiesInteractorImpl.swift */; };
		498AE47E1F7D9AA500B9CD71 /* MapActivity.swift in Sources */ = {isa = PBXBuildFile; fileRef = 498AE47D1F7D9AA500B9CD71 /* MapActivity.swift */; };
		49D2CABA1F71068F00FBC491 /* AppDelegate.swift in Sources */ = {isa = PBXBuildFile; fileRef = 49D2CAB91F71068F00FBC491 /* AppDelegate.swift */; };
		49D2CABC1F71068F00FBC491 /* MainViewController.swift in Sources */ = {isa = PBXBuildFile; fileRef = 49D2CABB1F71068F00FBC491 /* MainViewController.swift */; };
		49D2CABF1F71068F00FBC491 /* Main.storyboard in Resources */ = {isa = PBXBuildFile; fileRef = 49D2CABD1F71068F00FBC491 /* Main.storyboard */; };
		49D2CAC11F71068F00FBC491 /* Assets.xcassets in Resources */ = {isa = PBXBuildFile; fileRef = 49D2CAC01F71068F00FBC491 /* Assets.xcassets */; };
		49D2CAC41F71068F00FBC491 /* LaunchScreen.storyboard in Resources */ = {isa = PBXBuildFile; fileRef = 49D2CAC21F71068F00FBC491 /* LaunchScreen.storyboard */; };
		49D97B1A1F7DA5BF00EE11E1 /* ActivitiesViewController.swift in Sources */ = {isa = PBXBuildFile; fileRef = 49D97B191F7DA5BF00EE11E1 /* ActivitiesViewController.swift */; };
		49D97B1C1F7DA66600EE11E1 /* EventAnnotation.swift in Sources */ = {isa = PBXBuildFile; fileRef = 49D97B1B1F7DA66600EE11E1 /* EventAnnotation.swift */; };
		49D97B1E1F7DA73200EE11E1 /* ActivityCell.swift in Sources */ = {isa = PBXBuildFile; fileRef = 49D97B1D1F7DA73200EE11E1 /* ActivityCell.swift */; };
		49E60FF11F71B1ED001BCBE6 /* DownloadAllShopsInteractor.swift in Sources */ = {isa = PBXBuildFile; fileRef = 49E60FF01F71B1ED001BCBE6 /* DownloadAllShopsInteractor.swift */; };
		49E60FF31F71B239001BCBE6 /* Typealias.swift in Sources */ = {isa = PBXBuildFile; fileRef = 49E60FF21F71B239001BCBE6 /* Typealias.swift */; };
		49E60FF51F71B2B8001BCBE6 /* ShopsProtocol.swift in Sources */ = {isa = PBXBuildFile; fileRef = 49E60FF41F71B2B8001BCBE6 /* ShopsProtocol.swift */; };
		49E60FF71F71B2D7001BCBE6 /* Shop.swift in Sources */ = {isa = PBXBuildFile; fileRef = 49E60FF61F71B2D7001BCBE6 /* Shop.swift */; };
		49E60FF91F71B360001BCBE6 /* DownloadAllShopsInteractorFakeImpl.swift in Sources */ = {isa = PBXBuildFile; fileRef = 49E60FF81F71B360001BCBE6 /* DownloadAllShopsInteractorFakeImpl.swift */; };
		49E60FFC1F71B414001BCBE6 /* ShopsTests.swift in Sources */ = {isa = PBXBuildFile; fileRef = 49E60FFB1F71B414001BCBE6 /* ShopsTests.swift */; };
		49E60FFE1F74035F001BCBE6 /* ShopCell.swift in Sources */ = {isa = PBXBuildFile; fileRef = 49E60FFD1F74035E001BCBE6 /* ShopCell.swift */; };
		49E610011F740537001BCBE6 /* StringExtensions.swift in Sources */ = {isa = PBXBuildFile; fileRef = 49E610001F740537001BCBE6 /* StringExtensions.swift */; };
		49E610031F740A2C001BCBE6 /* ShopsViewController.swift in Sources */ = {isa = PBXBuildFile; fileRef = 49E610021F740A2C001BCBE6 /* ShopsViewController.swift */; };
		49E610051F744723001BCBE6 /* ShopTests.swift in Sources */ = {isa = PBXBuildFile; fileRef = 49E610041F744722001BCBE6 /* ShopTests.swift */; };
		49E610081F74FBDF001BCBE6 /* MadridShops.xcdatamodeld in Sources */ = {isa = PBXBuildFile; fileRef = 49E610061F74FBDF001BCBE6 /* MadridShops.xcdatamodeld */; };
		49E6100A1F74FE19001BCBE6 /* CoreDataStack.swift in Sources */ = {isa = PBXBuildFile; fileRef = 49E610091F74FE19001BCBE6 /* CoreDataStack.swift */; };
		49E6100D1F74FE93001BCBE6 /* CoreData.framework in Frameworks */ = {isa = PBXBuildFile; fileRef = 49E6100C1F74FE92001BCBE6 /* CoreData.framework */; };
/* End PBXBuildFile section */

/* Begin PBXContainerItemProxy section */
		49D2CACB1F71068F00FBC491 /* PBXContainerItemProxy */ = {
			isa = PBXContainerItemProxy;
			containerPortal = 49D2CAAE1F71068E00FBC491 /* Project object */;
			proxyType = 1;
			remoteGlobalIDString = 49D2CAB51F71068E00FBC491;
			remoteInfo = MadridShops;
		};
/* End PBXContainerItemProxy section */

/* Begin PBXFileReference section */
		493F95341F7A65A9003E29B8 /* en */ = {isa = PBXFileReference; lastKnownFileType = text.plist.strings; name = en; path = en.lproj/Main.strings; sourceTree = "<group>"; };
		493F95391F7A75D4003E29B8 /* en */ = {isa = PBXFileReference; lastKnownFileType = text.plist.strings; name = en; path = en.lproj/Localizable.strings; sourceTree = "<group>"; };
		493F953B1F7A7613003E29B8 /* es */ = {isa = PBXFileReference; lastKnownFileType = text.plist.strings; name = es; path = es.lproj/Main.strings; sourceTree = "<group>"; };
		493F953C1F7A7613003E29B8 /* es */ = {isa = PBXFileReference; lastKnownFileType = text.plist.strings; name = es; path = es.lproj/LaunchScreen.strings; sourceTree = "<group>"; };
		493F953D1F7A7613003E29B8 /* es */ = {isa = PBXFileReference; lastKnownFileType = text.plist.strings; name = es; path = es.lproj/Localizable.strings; sourceTree = "<group>"; };
		493F95421F7AE719003E29B8 /* madrid.png */ = {isa = PBXFileReference; lastKnownFileType = image.png; name = madrid.png; path = ../../../../../../../Dropbox/madrid.png; sourceTree = "<group>"; };
		49477E271F77D8E0005001AB /* ConnectivityHelper.swift */ = {isa = PBXFileReference; lastKnownFileType = sourcecode.swift; path = ConnectivityHelper.swift; sourceTree = "<group>"; };
		4985D0041F75299800C9A731 /* SaveAllShopsInteractor.swift */ = {isa = PBXFileReference; lastKnownFileType = sourcecode.swift; path = SaveAllShopsInteractor.swift; sourceTree = "<group>"; };
		4985D0061F752CCE00C9A731 /* SaveAllShopsInteractorImpl.swift */ = {isa = PBXFileReference; lastKnownFileType = sourcecode.swift; path = SaveAllShopsInteractorImpl.swift; sourceTree = "<group>"; };
		4985D0091F752DF900C9A731 /* MapShop.swift */ = {isa = PBXFileReference; lastKnownFileType = sourcecode.swift; path = MapShop.swift; sourceTree = "<group>"; };
		4985D00B1F766AA000C9A731 /* ExecuteOnceInteractor.swift */ = {isa = PBXFileReference; lastKnownFileType = sourcecode.swift; path = ExecuteOnceInteractor.swift; sourceTree = "<group>"; };
		4985D00E1F766AC300C9A731 /* SetExecutedOnceInteractor.swift */ = {isa = PBXFileReference; lastKnownFileType = sourcecode.swift; path = SetExecutedOnceInteractor.swift; sourceTree = "<group>"; };
		4985D0101F766AEB00C9A731 /* ExecuteOnceInteractorImpl.swift */ = {isa = PBXFileReference; lastKnownFileType = sourcecode.swift; path = ExecuteOnceInteractorImpl.swift; sourceTree = "<group>"; };
		4985D0121F766B3C00C9A731 /* SetExecutedOnceInteractorImpl.swift */ = {isa = PBXFileReference; lastKnownFileType = sourcecode.swift; path = SetExecutedOnceInteractorImpl.swift; sourceTree = "<group>"; };
		4985D0141F7676DA00C9A731 /* ShopDetailViewController.swift */ = {isa = PBXFileReference; lastKnownFileType = sourcecode.swift; path = ShopDetailViewController.swift; sourceTree = "<group>"; };
		4985D0161F76850300C9A731 /* DownloadAllShopsInteractorNSUrlSessionImpl.swift */ = {isa = PBXFileReference; lastKnownFileType = sourcecode.swift; path = DownloadAllShopsInteractorNSUrlSessionImpl.swift; sourceTree = "<group>"; };
		4985D0191F76862A00C9A731 /* JsonParseShop.swift */ = {isa = PBXFileReference; lastKnownFileType = sourcecode.swift; path = JsonParseShop.swift; sourceTree = "<group>"; };
		4985D01B1F768D8C00C9A731 /* MapKit.framework */ = {isa = PBXFileReference; lastKnownFileType = wrapper.framework; name = MapKit.framework; path = System/Library/Frameworks/MapKit.framework; sourceTree = SDKROOT; };
		4985D01D1F76923D00C9A731 /* ShopAnnotation.swift */ = {isa = PBXFileReference; lastKnownFileType = sourcecode.swift; path = ShopAnnotation.swift; sourceTree = "<group>"; };
		498AE46D1F7D950D00B9CD71 /* DownloadAllActivitiesInteractor.swift */ = {isa = PBXFileReference; lastKnownFileType = sourcecode.swift; path = DownloadAllActivitiesInteractor.swift; sourceTree = "<group>"; };
		498AE46F1F7D955A00B9CD71 /* Activity.swift */ = {isa = PBXFileReference; lastKnownFileType = sourcecode.swift; path = Activity.swift; sourceTree = "<group>"; };
		498AE4711F7D95AD00B9CD71 /* ActivityTests.swift */ = {isa = PBXFileReference; lastKnownFileType = sourcecode.swift; path = ActivityTests.swift; sourceTree = "<group>"; };
		498AE4731F7D96EC00B9CD71 /* ActivitiesProtocol.swift */ = {isa = PBXFileReference; lastKnownFileType = sourcecode.swift; path = ActivitiesProtocol.swift; sourceTree = "<group>"; };
		498AE4751F7D982F00B9CD71 /* DownloadAllActivitiesInteractorFakeImpl.swift */ = {isa = PBXFileReference; lastKnownFileType = sourcecode.swift; path = DownloadAllActivitiesInteractorFakeImpl.swift; sourceTree = "<group>"; };
		498AE4771F7D98DA00B9CD71 /* DownloadAllActivitiesInteractorNSUrlSessionImpl.swift */ = {isa = PBXFileReference; lastKnownFileType = sourcecode.swift; path = DownloadAllActivitiesInteractorNSUrlSessionImpl.swift; sourceTree = "<group>"; };
		498AE4791F7D99DB00B9CD71 /* SaveAllActivitiesInteractor.swift */ = {isa = PBXFileReference; lastKnownFileType = sourcecode.swift; path = SaveAllActivitiesInteractor.swift; sourceTree = "<group>"; };
		498AE47B1F7D9A2100B9CD71 /* SaveAllActivitiesInteractorImpl.swift */ = {isa = PBXFileReference; lastKnownFileType = sourcecode.swift; path = SaveAllActivitiesInteractorImpl.swift; sourceTree = "<group>"; };
		498AE47D1F7D9AA500B9CD71 /* MapActivity.swift */ = {isa = PBXFileReference; lastKnownFileType = sourcecode.swift; path = MapActivity.swift; sourceTree = "<group>"; };
		49D2CAB61F71068F00FBC491 /* MadridShops.app */ = {isa = PBXFileReference; explicitFileType = wrapper.application; includeInIndex = 0; path = MadridShops.app; sourceTree = BUILT_PRODUCTS_DIR; };
		49D2CAB91F71068F00FBC491 /* AppDelegate.swift */ = {isa = PBXFileReference; lastKnownFileType = sourcecode.swift; path = AppDelegate.swift; sourceTree = "<group>"; };
		49D2CABB1F71068F00FBC491 /* MainViewController.swift */ = {isa = PBXFileReference; lastKnownFileType = sourcecode.swift; path = MainViewController.swift; sourceTree = "<group>"; };
		49D2CABE1F71068F00FBC491 /* Base */ = {isa = PBXFileReference; lastKnownFileType = file.storyboard; name = Base; path = Base.lproj/Main.storyboard; sourceTree = "<group>"; };
		49D2CAC01F71068F00FBC491 /* Assets.xcassets */ = {isa = PBXFileReference; lastKnownFileType = folder.assetcatalog; path = Assets.xcassets; sourceTree = "<group>"; };
		49D2CAC31F71068F00FBC491 /* Base */ = {isa = PBXFileReference; lastKnownFileType = file.storyboard; name = Base; path = Base.lproj/LaunchScreen.storyboard; sourceTree = "<group>"; };
		49D2CAC51F71068F00FBC491 /* Info.plist */ = {isa = PBXFileReference; lastKnownFileType = text.plist.xml; path = Info.plist; sourceTree = "<group>"; };
		49D2CACA1F71068F00FBC491 /* MadridShopsTests.xctest */ = {isa = PBXFileReference; explicitFileType = wrapper.cfbundle; includeInIndex = 0; path = MadridShopsTests.xctest; sourceTree = BUILT_PRODUCTS_DIR; };
		49D2CAD01F71068F00FBC491 /* Info.plist */ = {isa = PBXFileReference; lastKnownFileType = text.plist.xml; path = Info.plist; sourceTree = "<group>"; };
		49D97B191F7DA5BF00EE11E1 /* ActivitiesViewController.swift */ = {isa = PBXFileReference; lastKnownFileType = sourcecode.swift; path = ActivitiesViewController.swift; sourceTree = "<group>"; };
		49D97B1B1F7DA66600EE11E1 /* EventAnnotation.swift */ = {isa = PBXFileReference; lastKnownFileType = sourcecode.swift; path = EventAnnotation.swift; sourceTree = "<group>"; };
		49D97B1D1F7DA73200EE11E1 /* ActivityCell.swift */ = {isa = PBXFileReference; lastKnownFileType = sourcecode.swift; path = ActivityCell.swift; sourceTree = "<group>"; };
		49E60FF01F71B1ED001BCBE6 /* DownloadAllShopsInteractor.swift */ = {isa = PBXFileReference; lastKnownFileType = sourcecode.swift; path = DownloadAllShopsInteractor.swift; sourceTree = "<group>"; };
		49E60FF21F71B239001BCBE6 /* Typealias.swift */ = {isa = PBXFileReference; lastKnownFileType = sourcecode.swift; path = Typealias.swift; sourceTree = "<group>"; };
		49E60FF41F71B2B8001BCBE6 /* ShopsProtocol.swift */ = {isa = PBXFileReference; lastKnownFileType = sourcecode.swift; path = ShopsProtocol.swift; sourceTree = "<group>"; };
		49E60FF61F71B2D7001BCBE6 /* Shop.swift */ = {isa = PBXFileReference; lastKnownFileType = sourcecode.swift; path = Shop.swift; sourceTree = "<group>"; };
		49E60FF81F71B360001BCBE6 /* DownloadAllShopsInteractorFakeImpl.swift */ = {isa = PBXFileReference; lastKnownFileType = sourcecode.swift; path = DownloadAllShopsInteractorFakeImpl.swift; sourceTree = "<group>"; };
		49E60FFA1F71B413001BCBE6 /* MadridShopsTests-Bridging-Header.h */ = {isa = PBXFileReference; lastKnownFileType = sourcecode.c.h; path = "MadridShopsTests-Bridging-Header.h"; sourceTree = "<group>"; };
		49E60FFB1F71B414001BCBE6 /* ShopsTests.swift */ = {isa = PBXFileReference; lastKnownFileType = sourcecode.swift; path = ShopsTests.swift; sourceTree = "<group>"; };
		49E60FFD1F74035E001BCBE6 /* ShopCell.swift */ = {isa = PBXFileReference; lastKnownFileType = sourcecode.swift; path = ShopCell.swift; sourceTree = "<group>"; };
		49E610001F740537001BCBE6 /* StringExtensions.swift */ = {isa = PBXFileReference; lastKnownFileType = sourcecode.swift; path = StringExtensions.swift; sourceTree = "<group>"; };
		49E610021F740A2C001BCBE6 /* ShopsViewController.swift */ = {isa = PBXFileReference; lastKnownFileType = sourcecode.swift; path = ShopsViewController.swift; sourceTree = "<group>"; };
		49E610041F744722001BCBE6 /* ShopTests.swift */ = {isa = PBXFileReference; lastKnownFileType = sourcecode.swift; path = ShopTests.swift; sourceTree = "<group>"; };
		49E610071F74FBDF001BCBE6 /* MadridShops.xcdatamodel */ = {isa = PBXFileReference; lastKnownFileType = wrapper.xcdatamodel; path = MadridShops.xcdatamodel; sourceTree = "<group>"; };
		49E610091F74FE19001BCBE6 /* CoreDataStack.swift */ = {isa = PBXFileReference; lastKnownFileType = sourcecode.swift; path = CoreDataStack.swift; sourceTree = "<group>"; };
		49E6100C1F74FE92001BCBE6 /* CoreData.framework */ = {isa = PBXFileReference; lastKnownFileType = wrapper.framework; name = CoreData.framework; path = System/Library/Frameworks/CoreData.framework; sourceTree = SDKROOT; };
/* End PBXFileReference section */

/* Begin PBXFrameworksBuildPhase section */
		49D2CAB31F71068E00FBC491 /* Frameworks */ = {
			isa = PBXFrameworksBuildPhase;
			buildActionMask = 2147483647;
			files = (
				4985D01C1F768D8C00C9A731 /* MapKit.framework in Frameworks */,
				49E6100D1F74FE93001BCBE6 /* CoreData.framework in Frameworks */,
			);
			runOnlyForDeploymentPostprocessing = 0;
		};
		49D2CAC71F71068F00FBC491 /* Frameworks */ = {
			isa = PBXFrameworksBuildPhase;
			buildActionMask = 2147483647;
			files = (
			);
			runOnlyForDeploymentPostprocessing = 0;
		};
/* End PBXFrameworksBuildPhase section */

/* Begin PBXGroup section */
		493F95351F7A6680003E29B8 /* Resources */ = {
			isa = PBXGroup;
			children = (
				493F95421F7AE719003E29B8 /* madrid.png */,
				493F953A1F7A75D4003E29B8 /* Localizable.strings */,
			);
			path = Resources;
			sourceTree = "<group>";
		};
		4985D0081F752DCD00C9A731 /* Mappers */ = {
			isa = PBXGroup;
			children = (
				4985D0091F752DF900C9A731 /* MapShop.swift */,
				498AE47D1F7D9AA500B9CD71 /* MapActivity.swift */,
			);
			path = Mappers;
			sourceTree = "<group>";
		};
		4985D0181F76860E00C9A731 /* JsonParsers */ = {
			isa = PBXGroup;
			children = (
				4985D0191F76862A00C9A731 /* JsonParseShop.swift */,
			);
			path = JsonParsers;
			sourceTree = "<group>";
		};
		49D2CAAD1F71068E00FBC491 = {
			isa = PBXGroup;
			children = (
				49D2CAB81F71068F00FBC491 /* MadridShops */,
				49D2CACD1F71068F00FBC491 /* MadridShopsTests */,
				49D2CAB71F71068F00FBC491 /* Products */,
				49E6100B1F74FE91001BCBE6 /* Frameworks */,
			);
			sourceTree = "<group>";
		};
		49D2CAB71F71068F00FBC491 /* Products */ = {
			isa = PBXGroup;
			children = (
				49D2CAB61F71068F00FBC491 /* MadridShops.app */,
				49D2CACA1F71068F00FBC491 /* MadridShopsTests.xctest */,
			);
			name = Products;
			sourceTree = "<group>";
		};
		49D2CAB81F71068F00FBC491 /* MadridShops */ = {
			isa = PBXGroup;
			children = (
				49D2CAB91F71068F00FBC491 /* AppDelegate.swift */,
				49E60FFF1F7404EE001BCBE6 /* Utils */,
				493F95351F7A6680003E29B8 /* Resources */,
				49E60FEA1F71B0CC001BCBE6 /* Models */,
				49E60FEB1F71B0DA001BCBE6 /* Views */,
				49E60FEC1F71B0F0001BCBE6 /* Controllers */,
				49D2CAC01F71068F00FBC491 /* Assets.xcassets */,
				49D2CAC51F71068F00FBC491 /* Info.plist */,
			);
			path = MadridShops;
			sourceTree = "<group>";
		};
		49D2CACD1F71068F00FBC491 /* MadridShopsTests */ = {
			isa = PBXGroup;
			children = (
				49D2CAD01F71068F00FBC491 /* Info.plist */,
				49E60FFA1F71B413001BCBE6 /* MadridShopsTests-Bridging-Header.h */,
				498AE4711F7D95AD00B9CD71 /* ActivityTests.swift */,
				49E610041F744722001BCBE6 /* ShopTests.swift */,
				49E60FFB1F71B414001BCBE6 /* ShopsTests.swift */,
			);
			path = MadridShopsTests;
			sourceTree = "<group>";
		};
		49E60FEA1F71B0CC001BCBE6 /* Models */ = {
			isa = PBXGroup;
			children = (
				4985D0181F76860E00C9A731 /* JsonParsers */,
				4985D0081F752DCD00C9A731 /* Mappers */,
				49E60FEE1F71B1BB001BCBE6 /* Interactors */,
				498AE46F1F7D955A00B9CD71 /* Activity.swift */,
				49E60FF61F71B2D7001BCBE6 /* Shop.swift */,
				49E610061F74FBDF001BCBE6 /* MadridShops.xcdatamodeld */,
			);
			path = Models;
			sourceTree = "<group>";
		};
		49E60FEB1F71B0DA001BCBE6 /* Views */ = {
			isa = PBXGroup;
			children = (
				49D2CABD1F71068F00FBC491 /* Main.storyboard */,
				49D2CAC21F71068F00FBC491 /* LaunchScreen.storyboard */,
				49D97B1B1F7DA66600EE11E1 /* EventAnnotation.swift */,
				4985D01D1F76923D00C9A731 /* ShopAnnotation.swift */,
				49D97B1D1F7DA73200EE11E1 /* ActivityCell.swift */,
				49E60FFD1F74035E001BCBE6 /* ShopCell.swift */,
			);
			path = Views;
			sourceTree = "<group>";
		};
		49E60FEC1F71B0F0001BCBE6 /* Controllers */ = {
			isa = PBXGroup;
			children = (
				49D2CABB1F71068F00FBC491 /* MainViewController.swift */,
				49D97B191F7DA5BF00EE11E1 /* ActivitiesViewController.swift */,
				49E610021F740A2C001BCBE6 /* ShopsViewController.swift */,
				4985D0141F7676DA00C9A731 /* ShopDetailViewController.swift */,
			);
			path = Controllers;
			sourceTree = "<group>";
		};
		49E60FEE1F71B1BB001BCBE6 /* Interactors */ = {
			isa = PBXGroup;
			children = (
				49E60FEF1F71B1D3001BCBE6 /* Protocols */,
				49E60FF21F71B239001BCBE6 /* Typealias.swift */,
				498AE4751F7D982F00B9CD71 /* DownloadAllActivitiesInteractorFakeImpl.swift */,
				498AE4771F7D98DA00B9CD71 /* DownloadAllActivitiesInteractorNSUrlSessionImpl.swift */,
				49E60FF81F71B360001BCBE6 /* DownloadAllShopsInteractorFakeImpl.swift */,
				4985D0161F76850300C9A731 /* DownloadAllShopsInteractorNSUrlSessionImpl.swift */,
				498AE47B1F7D9A2100B9CD71 /* SaveAllActivitiesInteractorImpl.swift */,
				4985D0061F752CCE00C9A731 /* SaveAllShopsInteractorImpl.swift */,
				4985D0101F766AEB00C9A731 /* ExecuteOnceInteractorImpl.swift */,
				4985D0121F766B3C00C9A731 /* SetExecutedOnceInteractorImpl.swift */,
			);
			path = Interactors;
			sourceTree = "<group>";
		};
		49E60FEF1F71B1D3001BCBE6 /* Protocols */ = {
			isa = PBXGroup;
			children = (
				498AE4731F7D96EC00B9CD71 /* ActivitiesProtocol.swift */,
				49E60FF41F71B2B8001BCBE6 /* ShopsProtocol.swift */,
				498AE46D1F7D950D00B9CD71 /* DownloadAllActivitiesInteractor.swift */,
				49E60FF01F71B1ED001BCBE6 /* DownloadAllShopsInteractor.swift */,
				498AE4791F7D99DB00B9CD71 /* SaveAllActivitiesInteractor.swift */,
				4985D0041F75299800C9A731 /* SaveAllShopsInteractor.swift */,
				4985D00B1F766AA000C9A731 /* ExecuteOnceInteractor.swift */,
				4985D00E1F766AC300C9A731 /* SetExecutedOnceInteractor.swift */,
			);
			path = Protocols;
			sourceTree = "<group>";
		};
		49E60FFF1F7404EE001BCBE6 /* Utils */ = {
			isa = PBXGroup;
			children = (
				49E610001F740537001BCBE6 /* StringExtensions.swift */,
				49E610091F74FE19001BCBE6 /* CoreDataStack.swift */,
				49477E271F77D8E0005001AB /* ConnectivityHelper.swift */,
			);
			path = Utils;
			sourceTree = "<group>";
		};
		49E6100B1F74FE91001BCBE6 /* Frameworks */ = {
			isa = PBXGroup;
			children = (
				4985D01B1F768D8C00C9A731 /* MapKit.framework */,
				49E6100C1F74FE92001BCBE6 /* CoreData.framework */,
			);
			name = Frameworks;
			sourceTree = "<group>";
		};
/* End PBXGroup section */

/* Begin PBXNativeTarget section */
		49D2CAB51F71068E00FBC491 /* MadridShops */ = {
			isa = PBXNativeTarget;
			buildConfigurationList = 49D2CAD31F71068F00FBC491 /* Build configuration list for PBXNativeTarget "MadridShops" */;
			buildPhases = (
				49D2CAB21F71068E00FBC491 /* Sources */,
				49D2CAB31F71068E00FBC491 /* Frameworks */,
				49D2CAB41F71068E00FBC491 /* Resources */,
			);
			buildRules = (
			);
			dependencies = (
			);
			name = MadridShops;
			productName = MadridShops;
			productReference = 49D2CAB61F71068F00FBC491 /* MadridShops.app */;
			productType = "com.apple.product-type.application";
		};
		49D2CAC91F71068F00FBC491 /* MadridShopsTests */ = {
			isa = PBXNativeTarget;
			buildConfigurationList = 49D2CAD61F71068F00FBC491 /* Build configuration list for PBXNativeTarget "MadridShopsTests" */;
			buildPhases = (
				49D2CAC61F71068F00FBC491 /* Sources */,
				49D2CAC71F71068F00FBC491 /* Frameworks */,
				49D2CAC81F71068F00FBC491 /* Resources */,
			);
			buildRules = (
			);
			dependencies = (
				49D2CACC1F71068F00FBC491 /* PBXTargetDependency */,
			);
			name = MadridShopsTests;
			productName = MadridShopsTests;
			productReference = 49D2CACA1F71068F00FBC491 /* MadridShopsTests.xctest */;
			productType = "com.apple.product-type.bundle.unit-test";
		};
/* End PBXNativeTarget section */

/* Begin PBXProject section */
		49D2CAAE1F71068E00FBC491 /* Project object */ = {
			isa = PBXProject;
			attributes = {
				LastSwiftUpdateCheck = 0900;
				LastUpgradeCheck = 0900;
				ORGANIZATIONNAME = "Sergio Marrero";
				TargetAttributes = {
					49D2CAB51F71068E00FBC491 = {
						CreatedOnToolsVersion = 9.0;
						ProvisioningStyle = Automatic;
					};
					49D2CAC91F71068F00FBC491 = {
						CreatedOnToolsVersion = 9.0;
						LastSwiftMigration = 0900;
						ProvisioningStyle = Automatic;
						TestTargetID = 49D2CAB51F71068E00FBC491;
					};
				};
			};
			buildConfigurationList = 49D2CAB11F71068E00FBC491 /* Build configuration list for PBXProject "MadridShops" */;
			compatibilityVersion = "Xcode 8.0";
			developmentRegion = en;
			hasScannedForEncodings = 0;
			knownRegions = (
				en,
				Base,
				es,
			);
			mainGroup = 49D2CAAD1F71068E00FBC491;
			productRefGroup = 49D2CAB71F71068F00FBC491 /* Products */;
			projectDirPath = "";
			projectRoot = "";
			targets = (
				49D2CAB51F71068E00FBC491 /* MadridShops */,
				49D2CAC91F71068F00FBC491 /* MadridShopsTests */,
			);
		};
/* End PBXProject section */

/* Begin PBXResourcesBuildPhase section */
		49D2CAB41F71068E00FBC491 /* Resources */ = {
			isa = PBXResourcesBuildPhase;
			buildActionMask = 2147483647;
			files = (
				493F95431F7AE724003E29B8 /* madrid.png in Resources */,
				49D2CAC41F71068F00FBC491 /* LaunchScreen.storyboard in Resources */,
				493F95381F7A75D4003E29B8 /* Localizable.strings in Resources */,
				49D2CAC11F71068F00FBC491 /* Assets.xcassets in Resources */,
				49D2CABF1F71068F00FBC491 /* Main.storyboard in Resources */,
			);
			runOnlyForDeploymentPostprocessing = 0;
		};
		49D2CAC81F71068F00FBC491 /* Resources */ = {
			isa = PBXResourcesBuildPhase;
			buildActionMask = 2147483647;
			files = (
			);
			runOnlyForDeploymentPostprocessing = 0;
		};
/* End PBXResourcesBuildPhase section */

/* Begin PBXSourcesBuildPhase section */
		49D2CAB21F71068E00FBC491 /* Sources */ = {
			isa = PBXSourcesBuildPhase;
			buildActionMask = 2147483647;
			files = (
				49D2CABC1F71068F00FBC491 /* MainViewController.swift in Sources */,
				498AE4781F7D98DA00B9CD71 /* DownloadAllActivitiesInteractorNSUrlSessionImpl.swift in Sources */,
				49E60FF51F71B2B8001BCBE6 /* ShopsProtocol.swift in Sources */,
				498AE4761F7D982F00B9CD71 /* DownloadAllActivitiesInteractorFakeImpl.swift in Sources */,
				4985D00F1F766AC300C9A731 /* SetExecutedOnceInteractor.swift in Sources */,
				49E60FF11F71B1ED001BCBE6 /* DownloadAllShopsInteractor.swift in Sources */,
				4985D0131F766B3C00C9A731 /* SetExecutedOnceInteractorImpl.swift in Sources */,
				49E6100A1F74FE19001BCBE6 /* CoreDataStack.swift in Sources */,
				49E610011F740537001BCBE6 /* StringExtensions.swift in Sources */,
				49E60FFE1F74035F001BCBE6 /* ShopCell.swift in Sources */,
				4985D0071F752CCE00C9A731 /* SaveAllShopsInteractorImpl.swift in Sources */,
				4985D01A1F76862A00C9A731 /* JsonParseShop.swift in Sources */,
				49E60FF91F71B360001BCBE6 /* DownloadAllShopsInteractorFakeImpl.swift in Sources */,
				498AE47C1F7D9A2100B9CD71 /* SaveAllActivitiesInteractorImpl.swift in Sources */,
				49E60FF71F71B2D7001BCBE6 /* Shop.swift in Sources */,
				498AE47A1F7D99DB00B9CD71 /* SaveAllActivitiesInteractor.swift in Sources */,
				4985D00C1F766AA000C9A731 /* ExecuteOnceInteractor.swift in Sources */,
				49E60FF31F71B239001BCBE6 /* Typealias.swift in Sources */,
				4985D0151F7676DA00C9A731 /* ShopDetailViewController.swift in Sources */,
				4985D0051F75299800C9A731 /* SaveAllShopsInteractor.swift in Sources */,
				49E610031F740A2C001BCBE6 /* ShopsViewController.swift in Sources */,
				49E610081F74FBDF001BCBE6 /* MadridShops.xcdatamodeld in Sources */,
				49477E281F77D8E0005001AB /* ConnectivityHelper.swift in Sources */,
				498AE47E1F7D9AA500B9CD71 /* MapActivity.swift in Sources */,
				4985D0111F766AEB00C9A731 /* ExecuteOnceInteractorImpl.swift in Sources */,
				49D97B1A1F7DA5BF00EE11E1 /* ActivitiesViewController.swift in Sources */,
				4985D0171F76850300C9A731 /* DownloadAllShopsInteractorNSUrlSessionImpl.swift in Sources */,
				49D97B1C1F7DA66600EE11E1 /* EventAnnotation.swift in Sources */,
				498AE4741F7D96EC00B9CD71 /* ActivitiesProtocol.swift in Sources */,
				4985D00A1F752DF900C9A731 /* MapShop.swift in Sources */,
				498AE46E1F7D950D00B9CD71 /* DownloadAllActivitiesInteractor.swift in Sources */,
				49D2CABA1F71068F00FBC491 /* AppDelegate.swift in Sources */,
				49D97B1E1F7DA73200EE11E1 /* ActivityCell.swift in Sources */,
				498AE4701F7D955A00B9CD71 /* Activity.swift in Sources */,
				4985D01E1F76923D00C9A731 /* ShopAnnotation.swift in Sources */,
			);
			runOnlyForDeploymentPostprocessing = 0;
		};
		49D2CAC61F71068F00FBC491 /* Sources */ = {
			isa = PBXSourcesBuildPhase;
			buildActionMask = 2147483647;
			files = (
				498AE4721F7D95AD00B9CD71 /* ActivityTests.swift in Sources */,
				49E60FFC1F71B414001BCBE6 /* ShopsTests.swift in Sources */,
				49E610051F744723001BCBE6 /* ShopTests.swift in Sources */,
			);
			runOnlyForDeploymentPostprocessing = 0;
		};
/* End PBXSourcesBuildPhase section */

/* Begin PBXTargetDependency section */
		49D2CACC1F71068F00FBC491 /* PBXTargetDependency */ = {
			isa = PBXTargetDependency;
			target = 49D2CAB51F71068E00FBC491 /* MadridShops */;
			targetProxy = 49D2CACB1F71068F00FBC491 /* PBXContainerItemProxy */;
		};
/* End PBXTargetDependency section */

/* Begin PBXVariantGroup section */
		493F953A1F7A75D4003E29B8 /* Localizable.strings */ = {
			isa = PBXVariantGroup;
			children = (
				493F95391F7A75D4003E29B8 /* en */,
				493F953D1F7A7613003E29B8 /* es */,
			);
			name = Localizable.strings;
			sourceTree = "<group>";
		};
		49D2CABD1F71068F00FBC491 /* Main.storyboard */ = {
			isa = PBXVariantGroup;
			children = (
				49D2CABE1F71068F00FBC491 /* Base */,
				493F95341F7A65A9003E29B8 /* en */,
				493F953B1F7A7613003E29B8 /* es */,
			);
			name = Main.storyboard;
			sourceTree = "<group>";
		};
		49D2CAC21F71068F00FBC491 /* LaunchScreen.storyboard */ = {
			isa = PBXVariantGroup;
			children = (
				49D2CAC31F71068F00FBC491 /* Base */,
				493F953C1F7A7613003E29B8 /* es */,
			);
			name = LaunchScreen.storyboard;
			sourceTree = "<group>";
		};
/* End PBXVariantGroup section */

/* Begin XCBuildConfiguration section */
		49D2CAD11F71068F00FBC491 /* Debug */ = {
			isa = XCBuildConfiguration;
			buildSettings = {
				ALWAYS_SEARCH_USER_PATHS = NO;
				CLANG_ANALYZER_LOCALIZABILITY_NONLOCALIZED = YES;
				CLANG_ANALYZER_NONNULL = YES;
				CLANG_ANALYZER_NUMBER_OBJECT_CONVERSION = YES_AGGRESSIVE;
				CLANG_CXX_LANGUAGE_STANDARD = "gnu++14";
				CLANG_CXX_LIBRARY = "libc++";
				CLANG_ENABLE_MODULES = YES;
				CLANG_ENABLE_OBJC_ARC = YES;
				CLANG_WARN_BLOCK_CAPTURE_AUTORELEASING = YES;
				CLANG_WARN_BOOL_CONVERSION = YES;
				CLANG_WARN_COMMA = YES;
				CLANG_WARN_CONSTANT_CONVERSION = YES;
				CLANG_WARN_DIRECT_OBJC_ISA_USAGE = YES_ERROR;
				CLANG_WARN_DOCUMENTATION_COMMENTS = YES;
				CLANG_WARN_EMPTY_BODY = YES;
				CLANG_WARN_ENUM_CONVERSION = YES;
				CLANG_WARN_INFINITE_RECURSION = YES;
				CLANG_WARN_INT_CONVERSION = YES;
				CLANG_WARN_NON_LITERAL_NULL_CONVERSION = YES;
				CLANG_WARN_OBJC_LITERAL_CONVERSION = YES;
				CLANG_WARN_OBJC_ROOT_CLASS = YES_ERROR;
				CLANG_WARN_RANGE_LOOP_ANALYSIS = YES;
				CLANG_WARN_STRICT_PROTOTYPES = YES;
				CLANG_WARN_SUSPICIOUS_MOVE = YES;
				CLANG_WARN_UNGUARDED_AVAILABILITY = YES_AGGRESSIVE;
				CLANG_WARN_UNREACHABLE_CODE = YES;
				CLANG_WARN__DUPLICATE_METHOD_MATCH = YES;
				CODE_SIGN_IDENTITY = "iPhone Developer";
				COPY_PHASE_STRIP = NO;
				DEBUG_INFORMATION_FORMAT = dwarf;
				ENABLE_STRICT_OBJC_MSGSEND = YES;
				ENABLE_TESTABILITY = YES;
				GCC_C_LANGUAGE_STANDARD = gnu11;
				GCC_DYNAMIC_NO_PIC = NO;
				GCC_NO_COMMON_BLOCKS = YES;
				GCC_OPTIMIZATION_LEVEL = 0;
				GCC_PREPROCESSOR_DEFINITIONS = (
					"DEBUG=1",
					"$(inherited)",
				);
				GCC_WARN_64_TO_32_BIT_CONVERSION = YES;
				GCC_WARN_ABOUT_RETURN_TYPE = YES_ERROR;
				GCC_WARN_UNDECLARED_SELECTOR = YES;
				GCC_WARN_UNINITIALIZED_AUTOS = YES_AGGRESSIVE;
				GCC_WARN_UNUSED_FUNCTION = YES;
				GCC_WARN_UNUSED_VARIABLE = YES;
				IPHONEOS_DEPLOYMENT_TARGET = 10.0;
				MTL_ENABLE_DEBUG_INFO = YES;
				ONLY_ACTIVE_ARCH = YES;
				SDKROOT = iphoneos;
				SWIFT_ACTIVE_COMPILATION_CONDITIONS = DEBUG;
				SWIFT_OPTIMIZATION_LEVEL = "-Onone";
			};
			name = Debug;
		};
		49D2CAD21F71068F00FBC491 /* Release */ = {
			isa = XCBuildConfiguration;
			buildSettings = {
				ALWAYS_SEARCH_USER_PATHS = NO;
				CLANG_ANALYZER_LOCALIZABILITY_NONLOCALIZED = YES;
				CLANG_ANALYZER_NONNULL = YES;
				CLANG_ANALYZER_NUMBER_OBJECT_CONVERSION = YES_AGGRESSIVE;
				CLANG_CXX_LANGUAGE_STANDARD = "gnu++14";
				CLANG_CXX_LIBRARY = "libc++";
				CLANG_ENABLE_MODULES = YES;
				CLANG_ENABLE_OBJC_ARC = YES;
				CLANG_WARN_BLOCK_CAPTURE_AUTORELEASING = YES;
				CLANG_WARN_BOOL_CONVERSION = YES;
				CLANG_WARN_COMMA = YES;
				CLANG_WARN_CONSTANT_CONVERSION = YES;
				CLANG_WARN_DIRECT_OBJC_ISA_USAGE = YES_ERROR;
				CLANG_WARN_DOCUMENTATION_COMMENTS = YES;
				CLANG_WARN_EMPTY_BODY = YES;
				CLANG_WARN_ENUM_CONVERSION = YES;
				CLANG_WARN_INFINITE_RECURSION = YES;
				CLANG_WARN_INT_CONVERSION = YES;
				CLANG_WARN_NON_LITERAL_NULL_CONVERSION = YES;
				CLANG_WARN_OBJC_LITERAL_CONVERSION = YES;
				CLANG_WARN_OBJC_ROOT_CLASS = YES_ERROR;
				CLANG_WARN_RANGE_LOOP_ANALYSIS = YES;
				CLANG_WARN_STRICT_PROTOTYPES = YES;
				CLANG_WARN_SUSPICIOUS_MOVE = YES;
				CLANG_WARN_UNGUARDED_AVAILABILITY = YES_AGGRESSIVE;
				CLANG_WARN_UNREACHABLE_CODE = YES;
				CLANG_WARN__DUPLICATE_METHOD_MATCH = YES;
				CODE_SIGN_IDENTITY = "iPhone Developer";
				COPY_PHASE_STRIP = NO;
				DEBUG_INFORMATION_FORMAT = "dwarf-with-dsym";
				ENABLE_NS_ASSERTIONS = NO;
				ENABLE_STRICT_OBJC_MSGSEND = YES;
				GCC_C_LANGUAGE_STANDARD = gnu11;
				GCC_NO_COMMON_BLOCKS = YES;
				GCC_WARN_64_TO_32_BIT_CONVERSION = YES;
				GCC_WARN_ABOUT_RETURN_TYPE = YES_ERROR;
				GCC_WARN_UNDECLARED_SELECTOR = YES;
				GCC_WARN_UNINITIALIZED_AUTOS = YES_AGGRESSIVE;
				GCC_WARN_UNUSED_FUNCTION = YES;
				GCC_WARN_UNUSED_VARIABLE = YES;
				IPHONEOS_DEPLOYMENT_TARGET = 10.0;
				MTL_ENABLE_DEBUG_INFO = NO;
				SDKROOT = iphoneos;
				SWIFT_OPTIMIZATION_LEVEL = "-Owholemodule";
				VALIDATE_PRODUCT = YES;
			};
			name = Release;
		};
		49D2CAD41F71068F00FBC491 /* Debug */ = {
			isa = XCBuildConfiguration;
			buildSettings = {
				ASSETCATALOG_COMPILER_APPICON_NAME = AppIcon;
				CODE_SIGN_STYLE = Automatic;
				DEVELOPMENT_TEAM = 9M7WLKM5UY;
				INFOPLIST_FILE = MadridShops/Info.plist;
				LD_RUNPATH_SEARCH_PATHS = "$(inherited) @executable_path/Frameworks";
				PRODUCT_BUNDLE_IDENTIFIER = com.sergiomarrero.MadridShops;
				PRODUCT_NAME = "$(TARGET_NAME)";
				SWIFT_VERSION = 4.0;
				TARGETED_DEVICE_FAMILY = "1,2";
			};
			name = Debug;
		};
		49D2CAD51F71068F00FBC491 /* Release */ = {
			isa = XCBuildConfiguration;
			buildSettings = {
				ASSETCATALOG_COMPILER_APPICON_NAME = AppIcon;
				CODE_SIGN_STYLE = Automatic;
				DEVELOPMENT_TEAM = 9M7WLKM5UY;
				INFOPLIST_FILE = MadridShops/Info.plist;
				LD_RUNPATH_SEARCH_PATHS = "$(inherited) @executable_path/Frameworks";
				PRODUCT_BUNDLE_IDENTIFIER = com.sergiomarrero.MadridShops;
				PRODUCT_NAME = "$(TARGET_NAME)";
				SWIFT_VERSION = 4.0;
				TARGETED_DEVICE_FAMILY = "1,2";
			};
			name = Release;
		};
		49D2CAD71F71068F00FBC491 /* Debug */ = {
			isa = XCBuildConfiguration;
			buildSettings = {
				ALWAYS_EMBED_SWIFT_STANDARD_LIBRARIES = YES;
				BUNDLE_LOADER = "$(TEST_HOST)";
				CLANG_ENABLE_MODULES = YES;
				CODE_SIGN_STYLE = Automatic;
				INFOPLIST_FILE = MadridShopsTests/Info.plist;
				LD_RUNPATH_SEARCH_PATHS = "$(inherited) @executable_path/Frameworks @loader_path/Frameworks";
				PRODUCT_BUNDLE_IDENTIFIER = com.sergiomarrero.MadridShopsTests;
				PRODUCT_NAME = "$(TARGET_NAME)";
				SWIFT_OBJC_BRIDGING_HEADER = "MadridShopsTests/MadridShopsTests-Bridging-Header.h";
				SWIFT_OPTIMIZATION_LEVEL = "-Onone";
				SWIFT_VERSION = 4.0;
				TARGETED_DEVICE_FAMILY = "1,2";
				TEST_HOST = "$(BUILT_PRODUCTS_DIR)/MadridShops.app/MadridShops";
			};
			name = Debug;
		};
		49D2CAD81F71068F00FBC491 /* Release */ = {
			isa = XCBuildConfiguration;
			buildSettings = {
				ALWAYS_EMBED_SWIFT_STANDARD_LIBRARIES = YES;
				BUNDLE_LOADER = "$(TEST_HOST)";
				CLANG_ENABLE_MODULES = YES;
				CODE_SIGN_STYLE = Automatic;
				INFOPLIST_FILE = MadridShopsTests/Info.plist;
				LD_RUNPATH_SEARCH_PATHS = "$(inherited) @executable_path/Frameworks @loader_path/Frameworks";
				PRODUCT_BUNDLE_IDENTIFIER = com.sergiomarrero.MadridShopsTests;
				PRODUCT_NAME = "$(TARGET_NAME)";
				SWIFT_OBJC_BRIDGING_HEADER = "MadridShopsTests/MadridShopsTests-Bridging-Header.h";
				SWIFT_VERSION = 4.0;
				TARGETED_DEVICE_FAMILY = "1,2";
				TEST_HOST = "$(BUILT_PRODUCTS_DIR)/MadridShops.app/MadridShops";
			};
			name = Release;
		};
/* End XCBuildConfiguration section */

/* Begin XCConfigurationList section */
		49D2CAB11F71068E00FBC491 /* Build configuration list for PBXProject "MadridShops" */ = {
			isa = XCConfigurationList;
			buildConfigurations = (
				49D2CAD11F71068F00FBC491 /* Debug */,
				49D2CAD21F71068F00FBC491 /* Release */,
			);
			defaultConfigurationIsVisible = 0;
			defaultConfigurationName = Release;
		};
		49D2CAD31F71068F00FBC491 /* Build configuration list for PBXNativeTarget "MadridShops" */ = {
			isa = XCConfigurationList;
			buildConfigurations = (
				49D2CAD41F71068F00FBC491 /* Debug */,
				49D2CAD51F71068F00FBC491 /* Release */,
			);
			defaultConfigurationIsVisible = 0;
			defaultConfigurationName = Release;
		};
		49D2CAD61F71068F00FBC491 /* Build configuration list for PBXNativeTarget "MadridShopsTests" */ = {
			isa = XCConfigurationList;
			buildConfigurations = (
				49D2CAD71F71068F00FBC491 /* Debug */,
				49D2CAD81F71068F00FBC491 /* Release */,
			);
			defaultConfigurationIsVisible = 0;
			defaultConfigurationName = Release;
		};
/* End XCConfigurationList section */

/* Begin XCVersionGroup section */
		49E610061F74FBDF001BCBE6 /* MadridShops.xcdatamodeld */ = {
			isa = XCVersionGroup;
			children = (
				49E610071F74FBDF001BCBE6 /* MadridShops.xcdatamodel */,
			);
			currentVersion = 49E610071F74FBDF001BCBE6 /* MadridShops.xcdatamodel */;
			path = MadridShops.xcdatamodeld;
			sourceTree = "<group>";
			versionGroupType = wrapper.xcdatamodel;
		};
/* End XCVersionGroup section */
	};
	rootObject = 49D2CAAE1F71068E00FBC491 /* Project object */;
}
